
Microsoft Visual Studio Solution File, Format Version 12.00
# Visual Studio Version 17
VisualStudioVersion = 17.8.34511.84
MinimumVisualStudioVersion = 10.0.40219.1
Project("{FAE04EC0-301F-11D3-BF4B-00C04F79EFBC}") = "ChineseDamsTest", "ChineseDamsTest.csproj", "{9282DAE1-AD90-41CA-B457-3A9ED009C6F2}"
EndProject
Global
	GlobalSection(SolutionConfigurationPlatforms) = preSolution
		Debug|Any CPU = Debug|Any CPU
		Release|Any CPU = Release|Any CPU
	EndGlobalSection
	GlobalSection(ProjectConfigurationPlatforms) = postSolution
		{9282DAE1-AD90-41CA-B457-3A9ED009C6F2}.Debug|Any CPU.ActiveCfg = Debug|Any CPU
		{9282DAE1-AD90-41CA-B457-3A9ED009C6F2}.Debug|Any CPU.Build.0 = Debug|Any CPU
		{9282DAE1-AD90-41CA-B457-3A9ED009C6F2}.Release|Any CPU.ActiveCfg = Release|Any CPU
		{9282DAE1-AD90-41CA-B457-3A9ED009C6F2}.Release|Any CPU.Build.0 = Release|Any CPU
	EndGlobalSection
	GlobalSection(SolutionProperties) = preSolution
		HideSolutionNode = FALSE
	EndGlobalSection
	GlobalSection(ExtensibilityGlobals) = postSolution
		SolutionGuid = {BDE2041E-9D63-4911-9623-6A3862ED91BB}
	EndGlobalSection
EndGlobal
